
Microsoft Visual Studio Solution File, Format Version 12.00
# Visual Studio 2017
Project("{FAE04EC0-301F-11D3-BF4B-00C04F79EFBC}") = "Zombie-Game-master", "Zombie-Game-master.csproj", "{BE7542F0-31C0-71E2-0EBD-E1845A499266}"
EndProject
Global
	GlobalSection(SolutionConfigurationPlatforms) = preSolution
		Debug|Any CPU = Debug|Any CPU
		Release|Any CPU = Release|Any CPU
	EndGlobalSection
	GlobalSection(ProjectConfigurationPlatforms) = postSolution
		{BE7542F0-31C0-71E2-0EBD-E1845A499266}.Debug|Any CPU.ActiveCfg = Debug|Any CPU
		{BE7542F0-31C0-71E2-0EBD-E1845A499266}.Debug|Any CPU.Build.0 = Debug|Any CPU
		{BE7542F0-31C0-71E2-0EBD-E1845A499266}.Release|Any CPU.ActiveCfg = Release|Any CPU
		{BE7542F0-31C0-71E2-0EBD-E1845A499266}.Release|Any CPU.Build.0 = Release|Any CPU
	EndGlobalSection
	GlobalSection(SolutionProperties) = preSolution
		HideSolutionNode = FALSE
	EndGlobalSection
EndGlobal
